GIT
  remote: https://github.com/alphagov/mongoid_rails_migrations
  revision: 7dc2c19549698f5666d2a91e89a9845480e852c4
  branch: avoid-calling-bundler-require-in-library-code-v1.1.0-plus-mongoid-v5-fix
  specs:
    mongoid_rails_migrations (1.1.0)
      activesupport (>= 4.2.0)
      bundler (>= 1.0.0)
      mongoid (>= 4.0.0)
      rails (>= 4.2.0)
      railties (>= 4.2.0)

GEM
  remote: https://rubygems.org/
  specs:
    PriorityQueue (0.1.2)
    actioncable (5.1.1)
      actionpack (= 5.1.1)
      nio4r (~> 2.0)
      websocket-driver (~> 0.6.1)
    actionmailer (5.1.1)
      actionpack (= 5.1.1)
      actionview (= 5.1.1)
      activejob (= 5.1.1)
      mail (~> 2.5, >= 2.5.4)
      rails-dom-testing (~> 2.0)
    actionpack (5.1.1)
      actionview (= 5.1.1)
      activesupport (= 5.1.1)
      rack (~> 2.0)
      rack-test (~> 0.6.3)
      rails-dom-testing (~> 2.0)
      rails-html-sanitizer (~> 1.0, >= 1.0.2)
    actionview (5.1.1)
      activesupport (= 5.1.1)
      builder (~> 3.1)
      erubi (~> 1.4)
      rails-dom-testing (~> 2.0)
      rails-html-sanitizer (~> 1.0, >= 1.0.3)
    activejob (5.1.1)
      activesupport (= 5.1.1)
      globalid (>= 0.3.6)
    activemodel (5.1.1)
      activesupport (= 5.1.1)
    activerecord (5.1.1)
      activemodel (= 5.1.1)
      activesupport (= 5.1.1)
      arel (~> 8.0)
    activesupport (5.1.1)
      concurrent-ruby (~> 1.0, >= 1.0.2)
      i18n (~> 0.7)
      minitest (~> 5.1)
      tzinfo (~> 1.1)
    addressable (2.3.8)
    arel (8.0.0)
    ast (2.3.0)
    awesome_print (1.8.0)
    bson (4.2.2)
    builder (3.2.3)
    byebug (9.1.0)
    chronic (0.10.2)
    ci_reporter (2.0.0)
      builder (>= 2.1.2)
    ci_reporter_rspec (1.0.0)
      ci_reporter (~> 2.0)
      rspec (>= 2.14, < 4)
    coderay (1.1.2)
    concurrent-ruby (1.0.5)
    crack (0.4.3)
      safe_yaml (~> 1.0.0)
    database_cleaner (1.6.1)
    diff-lcs (1.3)
    docile (1.1.5)
    domain_name (0.5.20170404)
      unf (>= 0.0.5, < 1.0.0)
    erubi (1.6.1)
    factory_girl (4.8.0)
      activesupport (>= 3.0.0)
    faraday (0.13.1)
      multipart-post (>= 1.2, < 3)
    find_a_port (1.0.1)
    gds-api-adapters (47.9.1)
      link_header
      lrucache (~> 0.1.1)
      null_logger
      plek (>= 1.9.0)
      rack-cache
      rest-client (~> 2.0)
    globalid (0.4.0)
      activesupport (>= 4.2.0)
    govuk-content-schema-test-helpers (1.4.0)
      json-schema (~> 2.5.1)
    govuk-lint (3.2.0)
      rubocop (~> 0.49.0)
      scss_lint
    govuk_app_config (0.2.0)
      sentry-raven (~> 2.6.3)
      statsd-ruby (~> 1.4.0)
    hashdiff (0.3.6)
    http-cookie (1.0.3)
      domain_name (~> 0.5)
    i18n (0.8.6)
    json (2.1.0)
    json-schema (2.5.2)
      addressable (~> 2.3.8)
    kgio (2.11.0)
    link_header (0.0.8)
    logstash-event (1.1.5)
    logstasher (0.5.0)
      logstash-event (~> 1.1.0)
    loofah (2.0.3)
      nokogiri (>= 1.5.9)
    lrucache (0.1.4)
      PriorityQueue (~> 0.1.2)
    mail (2.6.6)
      mime-types (>= 1.16, < 4)
    method_source (0.8.2)
    mime-types (3.1)
      mime-types-data (~> 3.2015)
    mime-types-data (3.2016.0521)
    mini_portile2 (2.2.0)
    minitest (5.10.3)
    mongo (2.4.3)
      bson (>= 4.2.1, < 5.0.0)
    mongoid (6.1.0)
      activemodel (~> 5.0)
      mongo (>= 2.4.1, < 3.0.0)
    multi_json (1.12.2)
    multipart-post (2.0.0)
    netrc (0.11.0)
    nio4r (2.1.0)
    nokogiri (1.8.0)
      mini_portile2 (~> 2.2.0)
    null_logger (0.0.1)
    pact (1.15.0)
      json (> 1.8.5)
      pact-mock_service (~> 2.0)
      pact-support (~> 1.1)
      rack-test (~> 0.6.2)
      randexp (~> 0.1.7)
      rspec (>= 2.14)
      term-ansicolor (~> 1.0)
      thor
      webrick
    pact-mock_service (2.1.0)
      find_a_port (~> 1.0.1)
      json
      pact-support (~> 1.0)
      rack
      rack-test (~> 0.6.2)
      rspec (>= 2.14)
      term-ansicolor (~> 1.0)
      thor
      webrick
    pact-support (1.1.6)
      awesome_print (~> 1.1)
      find_a_port (~> 1.0.1)
      json
      rack-test (~> 0.6.2)
      randexp (~> 0.1.7)
      rspec (>= 2.14)
      term-ansicolor (~> 1.0)
      thor
    parallel (1.12.0)
    parser (2.4.0.0)
      ast (~> 2.2)
    plek (1.12.0)
    powerpack (0.1.1)
    pry (0.10.4)
      coderay (~> 1.1.0)
      method_source (~> 0.8.1)
      slop (~> 3.4)
    pry-byebug (3.5.0)
      byebug (~> 9.1)
      pry (~> 0.10)
    rack (2.0.3)
    rack-cache (1.7.1)
      rack (>= 0.4)
    rack-test (0.6.3)
      rack (>= 1.0)
    rails (5.1.1)
      actioncable (= 5.1.1)
      actionmailer (= 5.1.1)
      actionpack (= 5.1.1)
      actionview (= 5.1.1)
      activejob (= 5.1.1)
      activemodel (= 5.1.1)
      activerecord (= 5.1.1)
      activesupport (= 5.1.1)
      bundler (>= 1.3.0, < 2.0)
      railties (= 5.1.1)
      sprockets-rails (>= 2.0.0)
    rails-dom-testing (2.0.3)
      activesupport (>= 4.2.0)
      nokogiri (>= 1.6)
    rails-html-sanitizer (1.0.3)
      loofah (~> 2.0)
    railties (5.1.1)
      actionpack (= 5.1.1)
      activesupport (= 5.1.1)
      method_source
      rake (>= 0.8.7)
      thor (>= 0.18.1, < 2.0)
    rainbow (2.2.2)
      rake
    raindrops (0.19.0)
    rake (12.0.0)
    randexp (0.1.7)
    rest-client (2.0.2)
      http-cookie (>= 1.0.2, < 2.0)
      mime-types (>= 1.16, < 4.0)
      netrc (~> 0.8)
    rspec (3.6.0)
      rspec-core (~> 3.6.0)
      rspec-expectations (~> 3.6.0)
      rspec-mocks (~> 3.6.0)
    rspec-core (3.6.0)
      rspec-support (~> 3.6.0)
    rspec-expectations (3.6.0)
      diff-lcs (>= 1.2.0, < 2.0)
      rspec-support (~> 3.6.0)
    rspec-mocks (3.6.0)
      diff-lcs (>= 1.2.0, < 2.0)
      rspec-support (~> 3.6.0)
    rspec-rails (3.6.1)
      actionpack (>= 3.0)
      activesupport (>= 3.0)
      railties (>= 3.0)
      rspec-core (~> 3.6.0)
      rspec-expectations (~> 3.6.0)
      rspec-mocks (~> 3.6.0)
      rspec-support (~> 3.6.0)
    rspec-support (3.6.0)
    rubocop (0.49.1)
      parallel (~> 1.10)
      parser (>= 2.3.3.1, < 3.0)
      powerpack (~> 0.1)
      rainbow (>= 1.99.1, < 3.0)
      ruby-progressbar (~> 1.7)
      unicode-display_width (~> 1.0, >= 1.0.1)
    ruby-progressbar (1.8.1)
    safe_yaml (1.0.4)
    sass (3.4.25)
    scss_lint (0.54.0)
      rake (>= 0.9, < 13)
      sass (~> 3.4.20)
    sentry-raven (2.6.3)
      faraday (>= 0.7.6, < 1.0)
    simplecov (0.8.2)
      docile (~> 1.1.0)
      multi_json
      simplecov-html (~> 0.8.0)
    simplecov-html (0.8.0)
    simplecov-rcov (0.2.3)
      simplecov (>= 0.4.1)
    slop (3.6.0)
    sprockets (3.7.1)
      concurrent-ruby (~> 1.0)
      rack (> 1, < 3)
    sprockets-rails (3.2.1)
      actionpack (>= 4.0)
      activesupport (>= 4.0)
      sprockets (>= 3.0.0)
    statsd-ruby (1.4.0)
    term-ansicolor (1.6.0)
      tins (~> 1.0)
    thor (0.20.0)
    thread_safe (0.3.6)
    timecop (0.7.1)
    tins (1.15.0)
    tzinfo (1.2.3)
      thread_safe (~> 0.1)
    unf (0.1.4)
      unf_ext
    unf_ext (0.0.7.4)
    unicode-display_width (1.3.0)
    unicorn (4.8.2)
      kgio (~> 2.6)
      rack
      raindrops (~> 0.7)
    uuidtools (2.1.5)
    webmock (2.1.0)
      addressable (>= 2.3.6)
      crack (>= 0.3.2)
      hashdiff
    webrick (1.3.1)
    websocket-driver (0.6.5)
      websocket-extensions (>= 0.1.0)
    websocket-extensions (0.1.2)
    whenever (0.9.7)
      chronic (>= 0.6.3)

PLATFORMS
  ruby

DEPENDENCIES
  ci_reporter_rspec (~> 1.0.0)
  database_cleaner (~> 1.6.1)
  factory_girl (~> 4.4)
  gds-api-adapters (~> 47.9.1)
  govuk-content-schema-test-helpers (~> 1.4)
  govuk-lint
  govuk_app_config (~> 0.2)
  hashdiff
  logstasher (= 0.5.0)
  mongoid (= 6.1.0)
  mongoid_rails_migrations!
  pact
  plek (~> 1.9)
  pry-byebug
  rails (= 5.1.1)
  rspec-rails (~> 3.0)
  simplecov (= 0.8.2)
  simplecov-rcov (= 0.2.3)
  statsd-ruby (~> 1.4)
  timecop (= 0.7.1)
  unicorn (= 4.8.2)
  uuidtools (= 2.1.5)
  webmock (= 2.1.0)
  whenever (~> 0.9.4)

BUNDLED WITH
   1.14.5
